# This file is automatically @generated by Cargo.
# It is not intended for manual editing.
version = 3

[[package]]
name = "capnp"
version = "0.14.5"
source = "registry+https://github.com/rust-lang/crates.io-index"
checksum = "16c262726f68118392269a3f7a5546baf51dcfe5cb3c3f0957b502106bf1a065"

[[package]]
name = "capnpc"
version = "0.14.5"
source = "registry+https://github.com/rust-lang/crates.io-index"
checksum = "682f2a7a680ac01d07fcc5e201cf23e5de65f528dfad7305e4a0a5312d35952f"
dependencies = [
 "capnp",
]

[[package]]
name = "extendedmind_schema_rust"
version = "0.1.0"
dependencies = [
 "capnp",
 "capnpc",
]
