# This file is automatically @generated by Cargo.
# It is not intended for manual editing.
version = 3

[[package]]
name = "capnp"
version = "0.14.10"
source = "registry+https://github.com/rust-lang/crates.io-index"
checksum = "ddf2d33bdc66ac282c34d34ecc9f8d8f1d82d1540994c5f8ed1c36dd0f95aaf3"

[[package]]
name = "extendedmind_schema_rust"
version = "0.0.1"
dependencies = [
 "capnp",
]
